// !$*UTF8*$!
{
	archiveVersion = 1;
	classes = {
	};
	objectVersion = 46;
	objects = {

/* Begin PBXBuildFile section */
		1811ABD01E977C9F00098F59 /* DownManager.m in Sources */ = {isa = PBXBuildFile; fileRef = 1811ABCF1E977C9F00098F59 /* DownManager.m */; };
		18F8EE831E88E2640034E715 /* main.m in Sources */ = {isa = PBXBuildFile; fileRef = 18F8EE821E88E2640034E715 /* main.m */; };
		18F8EE861E88E2640034E715 /* AppDelegate.m in Sources */ = {isa = PBXBuildFile; fileRef = 18F8EE851E88E2640034E715 /* AppDelegate.m */; };
		18F8EE891E88E2640034E715 /* ViewController.m in Sources */ = {isa = PBXBuildFile; fileRef = 18F8EE881E88E2640034E715 /* ViewController.m */; };
		18F8EE8C1E88E2640034E715 /* Main.storyboard in Resources */ = {isa = PBXBuildFile; fileRef = 18F8EE8A1E88E2640034E715 /* Main.storyboard */; };
		18F8EE8E1E88E2640034E715 /* Assets.xcassets in Resources */ = {isa = PBXBuildFile; fileRef = 18F8EE8D1E88E2640034E715 /* Assets.xcassets */; };
		18F8EE911E88E2640034E715 /* LaunchScreen.storyboard in Resources */ = {isa = PBXBuildFile; fileRef = 18F8EE8F1E88E2640034E715 /* LaunchScreen.storyboard */; };
		18F8EECF1E88E28B0034E715 /* AFHTTPSessionManager.m in Sources */ = {isa = PBXBuildFile; fileRef = 18F8EE9A1E88E28B0034E715 /* AFHTTPSessionManager.m */; };
		18F8EED01E88E28B0034E715 /* AFNetworkReachabilityManager.m in Sources */ = {isa = PBXBuildFile; fileRef = 18F8EE9D1E88E28B0034E715 /* AFNetworkReachabilityManager.m */; };
		18F8EED11E88E28B0034E715 /* AFSecurityPolicy.m in Sources */ = {isa = PBXBuildFile; fileRef = 18F8EE9F1E88E28B0034E715 /* AFSecurityPolicy.m */; };
		18F8EED21E88E28B0034E715 /* AFURLRequestSerialization.m in Sources */ = {isa = PBXBuildFile; fileRef = 18F8EEA11E88E28B0034E715 /* AFURLRequestSerialization.m */; };
		18F8EED31E88E28B0034E715 /* AFURLResponseSerialization.m in Sources */ = {isa = PBXBuildFile; fileRef = 18F8EEA31E88E28B0034E715 /* AFURLResponseSerialization.m */; };
		18F8EED41E88E28B0034E715 /* AFURLSessionManager.m in Sources */ = {isa = PBXBuildFile; fileRef = 18F8EEA51E88E28B0034E715 /* AFURLSessionManager.m */; };
		18F8EED51E88E28B0034E715 /* MKAnnotationView+WebCache.m in Sources */ = {isa = PBXBuildFile; fileRef = 18F8EEA91E88E28B0034E715 /* MKAnnotationView+WebCache.m */; };
		18F8EED61E88E28B0034E715 /* NSData+ImageContentType.m in Sources */ = {isa = PBXBuildFile; fileRef = 18F8EEAB1E88E28B0034E715 /* NSData+ImageContentType.m */; };
		18F8EED71E88E28B0034E715 /* NSImage+WebCache.m in Sources */ = {isa = PBXBuildFile; fileRef = 18F8EEAD1E88E28B0034E715 /* NSImage+WebCache.m */; };
		18F8EED81E88E28B0034E715 /* SDImageCache.m in Sources */ = {isa = PBXBuildFile; fileRef = 18F8EEAF1E88E28B0034E715 /* SDImageCache.m */; };
		18F8EED91E88E28B0034E715 /* SDImageCacheConfig.m in Sources */ = {isa = PBXBuildFile; fileRef = 18F8EEB11E88E28B0034E715 /* SDImageCacheConfig.m */; };
		18F8EEDA1E88E28B0034E715 /* SDWebImageCompat.m in Sources */ = {isa = PBXBuildFile; fileRef = 18F8EEB31E88E28B0034E715 /* SDWebImageCompat.m */; };
		18F8EEDB1E88E28B0034E715 /* SDWebImageDecoder.m in Sources */ = {isa = PBXBuildFile; fileRef = 18F8EEB51E88E28B0034E715 /* SDWebImageDecoder.m */; };
		18F8EEDC1E88E28B0034E715 /* SDWebImageDownloader.m in Sources */ = {isa = PBXBuildFile; fileRef = 18F8EEB71E88E28B0034E715 /* SDWebImageDownloader.m */; };
		18F8EEDD1E88E28B0034E715 /* SDWebImageDownloaderOperation.m in Sources */ = {isa = PBXBuildFile; fileRef = 18F8EEB91E88E28B0034E715 /* SDWebImageDownloaderOperation.m */; };
		18F8EEDE1E88E28B0034E715 /* SDWebImageManager.m in Sources */ = {isa = PBXBuildFile; fileRef = 18F8EEBB1E88E28B0034E715 /* SDWebImageManager.m */; };
		18F8EEDF1E88E28B0034E715 /* SDWebImagePrefetcher.m in Sources */ = {isa = PBXBuildFile; fileRef = 18F8EEBE1E88E28B0034E715 /* SDWebImagePrefetcher.m */; };
		18F8EEE01E88E28B0034E715 /* UIButton+WebCache.m in Sources */ = {isa = PBXBuildFile; fileRef = 18F8EEC01E88E28B0034E715 /* UIButton+WebCache.m */; };
		18F8EEE11E88E28B0034E715 /* UIImage+GIF.m in Sources */ = {isa = PBXBuildFile; fileRef = 18F8EEC21E88E28B0034E715 /* UIImage+GIF.m */; };
		18F8EEE21E88E28B0034E715 /* UIImage+MultiFormat.m in Sources */ = {isa = PBXBuildFile; fileRef = 18F8EEC41E88E28B0034E715 /* UIImage+MultiFormat.m */; };
		18F8EEE31E88E28B0034E715 /* UIImage+WebP.m in Sources */ = {isa = PBXBuildFile; fileRef = 18F8EEC61E88E28B0034E715 /* UIImage+WebP.m */; };
		18F8EEE41E88E28B0034E715 /* UIImageView+HighlightedWebCache.m in Sources */ = {isa = PBXBuildFile; fileRef = 18F8EEC81E88E28B0034E715 /* UIImageView+HighlightedWebCache.m */; };
		18F8EEE51E88E28B0034E715 /* UIImageView+WebCache.m in Sources */ = {isa = PBXBuildFile; fileRef = 18F8EECA1E88E28B0034E715 /* UIImageView+WebCache.m */; };
		18F8EEE61E88E28B0034E715 /* UIView+WebCache.m in Sources */ = {isa = PBXBuildFile; fileRef = 18F8EECC1E88E28B0034E715 /* UIView+WebCache.m */; };
		18F8EEE71E88E28B0034E715 /* UIView+WebCacheOperation.m in Sources */ = {isa = PBXBuildFile; fileRef = 18F8EECE1E88E28B0034E715 /* UIView+WebCacheOperation.m */; };
		18F8EEEA1E88E3300034E715 /* UIView+Animation.m in Sources */ = {isa = PBXBuildFile; fileRef = 18F8EEE91E88E3300034E715 /* UIView+Animation.m */; };
		18F8EF101E88ECD20034E715 /* DownloadController.m in Sources */ = {isa = PBXBuildFile; fileRef = 18F8EF0F1E88ECD20034E715 /* DownloadController.m */; };
		18F8EF141E88F08A0034E715 /* LJDownLoadManager.m in Sources */ = {isa = PBXBuildFile; fileRef = 18F8EF131E88F08A0034E715 /* LJDownLoadManager.m */; };
		18F8EF171E8903470034E715 /* LJDownLoadFileTool.m in Sources */ = {isa = PBXBuildFile; fileRef = 18F8EF161E8903470034E715 /* LJDownLoadFileTool.m */; };
		18F8EF1A1E8A29670034E715 /* NSString+LJMD5.m in Sources */ = {isa = PBXBuildFile; fileRef = 18F8EF191E8A29670034E715 /* NSString+LJMD5.m */; };
		18F8EF1D1E8B515A0034E715 /* LJDownLoader.m in Sources */ = {isa = PBXBuildFile; fileRef = 18F8EF1C1E8B515A0034E715 /* LJDownLoader.m */; };
/* End PBXBuildFile section */

/* Begin PBXFileReference section */
		1811ABCE1E977C9F00098F59 /* DownManager.h */ = {isa = PBXFileReference; fileEncoding = 4; lastKnownFileType = sourcecode.c.h; path = DownManager.h; sourceTree = "<group>"; };
		1811ABCF1E977C9F00098F59 /* DownManager.m */ = {isa = PBXFileReference; fileEncoding = 4; lastKnownFileType = sourcecode.c.objc; path = DownManager.m; sourceTree = "<group>"; };
		18F8EE7E1E88E2640034E715 /* LJSourceTranslation.app */ = {isa = PBXFileReference; explicitFileType = wrapper.application; includeInIndex = 0; path = LJSourceTranslation.app; sourceTree = BUILT_PRODUCTS_DIR; };
		18F8EE821E88E2640034E715 /* main.m */ = {isa = PBXFileReference; lastKnownFileType = sourcecode.c.objc; path = main.m; sourceTree = "<group>"; };
		18F8EE841E88E2640034E715 /* AppDelegate.h */ = {isa = PBXFileReference; lastKnownFileType = sourcecode.c.h; path = AppDelegate.h; sourceTree = "<group>"; };
		18F8EE851E88E2640034E715 /* AppDelegate.m */ = {isa = PBXFileReference; lastKnownFileType = sourcecode.c.objc; path = AppDelegate.m; sourceTree = "<group>"; };
		18F8EE871E88E2640034E715 /* ViewController.h */ = {isa = PBXFileReference; lastKnownFileType = sourcecode.c.h; path = ViewController.h; sourceTree = "<group>"; };
		18F8EE881E88E2640034E715 /* ViewController.m */ = {isa = PBXFileReference; lastKnownFileType = sourcecode.c.objc; path = ViewController.m; sourceTree = "<group>"; };
		18F8EE8B1E88E2640034E715 /* Base */ = {isa = PBXFileReference; lastKnownFileType = file.storyboard; name = Base; path = Base.lproj/Main.storyboard; sourceTree = "<group>"; };
		18F8EE8D1E88E2640034E715 /* Assets.xcassets */ = {isa = PBXFileReference; lastKnownFileType = folder.assetcatalog; path = Assets.xcassets; sourceTree = "<group>"; };
		18F8EE901E88E2640034E715 /* Base */ = {isa = PBXFileReference; lastKnownFileType = file.storyboard; name = Base; path = Base.lproj/LaunchScreen.storyboard; sourceTree = "<group>"; };
		18F8EE921E88E2640034E715 /* Info.plist */ = {isa = PBXFileReference; lastKnownFileType = text.plist.xml; path = Info.plist; sourceTree = "<group>"; };
		18F8EE991E88E28B0034E715 /* AFHTTPSessionManager.h */ = {isa = PBXFileReference; fileEncoding = 4; lastKnownFileType = sourcecode.c.h; path = AFHTTPSessionManager.h; sourceTree = "<group>"; };
		18F8EE9A1E88E28B0034E715 /* AFHTTPSessionManager.m */ = {isa = PBXFileReference; fileEncoding = 4; lastKnownFileType = sourcecode.c.objc; path = AFHTTPSessionManager.m; sourceTree = "<group>"; };
		18F8EE9B1E88E28B0034E715 /* AFNetworking.h */ = {isa = PBXFileReference; fileEncoding = 4; lastKnownFileType = sourcecode.c.h; path = AFNetworking.h; sourceTree = "<group>"; };
		18F8EE9C1E88E28B0034E715 /* AFNetworkReachabilityManager.h */ = {isa = PBXFileReference; fileEncoding = 4; lastKnownFileType = sourcecode.c.h; path = AFNetworkReachabilityManager.h; sourceTree = "<group>"; };
		18F8EE9D1E88E28B0034E715 /* AFNetworkReachabilityManager.m */ = {isa = PBXFileReference; fileEncoding = 4; lastKnownFileType = sourcecode.c.objc; path = AFNetworkReachabilityManager.m; sourceTree = "<group>"; };
		18F8EE9E1E88E28B0034E715 /* AFSecurityPolicy.h */ = {isa = PBXFileReference; fileEncoding = 4; lastKnownFileType = sourcecode.c.h; path = AFSecurityPolicy.h; sourceTree = "<group>"; };
		18F8EE9F1E88E28B0034E715 /* AFSecurityPolicy.m */ = {isa = PBXFileReference; fileEncoding = 4; lastKnownFileType = sourcecode.c.objc; path = AFSecurityPolicy.m; sourceTree = "<group>"; };
		18F8EEA01E88E28B0034E715 /* AFURLRequestSerialization.h */ = {isa = PBXFileReference; fileEncoding = 4; lastKnownFileType = sourcecode.c.h; path = AFURLRequestSerialization.h; sourceTree = "<group>"; };
		18F8EEA11E88E28B0034E715 /* AFURLRequestSerialization.m */ = {isa = PBXFileReference; fileEncoding = 4; lastKnownFileType = sourcecode.c.objc; path = AFURLRequestSerialization.m; sourceTree = "<group>"; };
		18F8EEA21E88E28B0034E715 /* AFURLResponseSerialization.h */ = {isa = PBXFileReference; fileEncoding = 4; lastKnownFileType = sourcecode.c.h; path = AFURLResponseSerialization.h; sourceTree = "<group>"; };
		18F8EEA31E88E28B0034E715 /* AFURLResponseSerialization.m */ = {isa = PBXFileReference; fileEncoding = 4; lastKnownFileType = sourcecode.c.objc; path = AFURLResponseSerialization.m; sourceTree = "<group>"; };
		18F8EEA41E88E28B0034E715 /* AFURLSessionManager.h */ = {isa = PBXFileReference; fileEncoding = 4; lastKnownFileType = sourcecode.c.h; path = AFURLSessionManager.h; sourceTree = "<group>"; };
		18F8EEA51E88E28B0034E715 /* AFURLSessionManager.m */ = {isa = PBXFileReference; fileEncoding = 4; lastKnownFileType = sourcecode.c.objc; path = AFURLSessionManager.m; sourceTree = "<group>"; };
		18F8EEA81E88E28B0034E715 /* MKAnnotationView+WebCache.h */ = {isa = PBXFileReference; fileEncoding = 4; lastKnownFileType = sourcecode.c.h; path = "MKAnnotationView+WebCache.h"; sourceTree = "<group>"; };
		18F8EEA91E88E28B0034E715 /* MKAnnotationView+WebCache.m */ = {isa = PBXFileReference; fileEncoding = 4; lastKnownFileType = sourcecode.c.objc; path = "MKAnnotationView+WebCache.m"; sourceTree = "<group>"; };
		18F8EEAA1E88E28B0034E715 /* NSData+ImageContentType.h */ = {isa = PBXFileReference; fileEncoding = 4; lastKnownFileType = sourcecode.c.h; path = "NSData+ImageContentType.h"; sourceTree = "<group>"; };
		18F8EEAB1E88E28B0034E715 /* NSData+ImageContentType.m */ = {isa = PBXFileReference; fileEncoding = 4; lastKnownFileType = sourcecode.c.objc; path = "NSData+ImageContentType.m"; sourceTree = "<group>"; };
		18F8EEAC1E88E28B0034E715 /* NSImage+WebCache.h */ = {isa = PBXFileReference; fileEncoding = 4; lastKnownFileType = sourcecode.c.h; path = "NSImage+WebCache.h"; sourceTree = "<group>"; };
		18F8EEAD1E88E28B0034E715 /* NSImage+WebCache.m */ = {isa = PBXFileReference; fileEncoding = 4; lastKnownFileType = sourcecode.c.objc; path = "NSImage+WebCache.m"; sourceTree = "<group>"; };
		18F8EEAE1E88E28B0034E715 /* SDImageCache.h */ = {isa = PBXFileReference; fileEncoding = 4; lastKnownFileType = sourcecode.c.h; path = SDImageCache.h; sourceTree = "<group>"; };
		18F8EEAF1E88E28B0034E715 /* SDImageCache.m */ = {isa = PBXFileReference; fileEncoding = 4; lastKnownFileType = sourcecode.c.objc; path = SDImageCache.m; sourceTree = "<group>"; };
		18F8EEB01E88E28B0034E715 /* SDImageCacheConfig.h */ = {isa = PBXFileReference; fileEncoding = 4; lastKnownFileType = sourcecode.c.h; path = SDImageCacheConfig.h; sourceTree = "<group>"; };
		18F8EEB11E88E28B0034E715 /* SDImageCacheConfig.m */ = {isa = PBXFileReference; fileEncoding = 4; lastKnownFileType = sourcecode.c.objc; path = SDImageCacheConfig.m; sourceTree = "<group>"; };
		18F8EEB21E88E28B0034E715 /* SDWebImageCompat.h */ = {isa = PBXFileReference; fileEncoding = 4; lastKnownFileType = sourcecode.c.h; path = SDWebImageCompat.h; sourceTree = "<group>"; };
		18F8EEB31E88E28B0034E715 /* SDWebImageCompat.m */ = {isa = PBXFileReference; fileEncoding = 4; lastKnownFileType = sourcecode.c.objc; path = SDWebImageCompat.m; sourceTree = "<group>"; };
		18F8EEB41E88E28B0034E715 /* SDWebImageDecoder.h */ = {isa = PBXFileReference; fileEncoding = 4; lastKnownFileType = sourcecode.c.h; path = SDWebImageDecoder.h; sourceTree = "<group>"; };
		18F8EEB51E88E28B0034E715 /* SDWebImageDecoder.m */ = {isa = PBXFileReference; fileEncoding = 4; lastKnownFileType = sourcecode.c.objc; path = SDWebImageDecoder.m; sourceTree = "<group>"; };
		18F8EEB61E88E28B0034E715 /* SDWebImageDownloader.h */ = {isa = PBXFileReference; fileEncoding = 4; lastKnownFileType = sourcecode.c.h; path = SDWebImageDownloader.h; sourceTree = "<group>"; };
		18F8EEB71E88E28B0034E715 /* SDWebImageDownloader.m */ = {isa = PBXFileReference; fileEncoding = 4; lastKnownFileType = sourcecode.c.objc; path = SDWebImageDownloader.m; sourceTree = "<group>"; };
		18F8EEB81E88E28B0034E715 /* SDWebImageDownloaderOperation.h */ = {isa = PBXFileReference; fileEncoding = 4; lastKnownFileType = sourcecode.c.h; path = SDWebImageDownloaderOperation.h; sourceTree = "<group>"; };
		18F8EEB91E88E28B0034E715 /* SDWebImageDownloaderOperation.m */ = {isa = PBXFileReference; fileEncoding = 4; lastKnownFileType = sourcecode.c.objc; path = SDWebImageDownloaderOperation.m; sourceTree = "<group>"; };
		18F8EEBA1E88E28B0034E715 /* SDWebImageManager.h */ = {isa = PBXFileReference; fileEncoding = 4; lastKnownFileType = sourcecode.c.h; path = SDWebImageManager.h; sourceTree = "<group>"; };
		18F8EEBB1E88E28B0034E715 /* SDWebImageManager.m */ = {isa = PBXFileReference; fileEncoding = 4; lastKnownFileType = sourcecode.c.objc; path = SDWebImageManager.m; sourceTree = "<group>"; };
		18F8EEBC1E88E28B0034E715 /* SDWebImageOperation.h */ = {isa = PBXFileReference; fileEncoding = 4; lastKnownFileType = sourcecode.c.h; path = SDWebImageOperation.h; sourceTree = "<group>"; };
		18F8EEBD1E88E28B0034E715 /* SDWebImagePrefetcher.h */ = {isa = PBXFileReference; fileEncoding = 4; lastKnownFileType = sourcecode.c.h; path = SDWebImagePrefetcher.h; sourceTree = "<group>"; };
		18F8EEBE1E88E28B0034E715 /* SDWebImagePrefetcher.m */ = {isa = PBXFileReference; fileEncoding = 4; lastKnownFileType = sourcecode.c.objc; path = SDWebImagePrefetcher.m; sourceTree = "<group>"; };
		18F8EEBF1E88E28B0034E715 /* UIButton+WebCache.h */ = {isa = PBXFileReference; fileEncoding = 4; lastKnownFileType = sourcecode.c.h; path = "UIButton+WebCache.h"; sourceTree = "<group>"; };
		18F8EEC01E88E28B0034E715 /* UIButton+WebCache.m */ = {isa = PBXFileReference; fileEncoding = 4; lastKnownFileType = sourcecode.c.objc; path = "UIButton+WebCache.m"; sourceTree = "<group>"; };
		18F8EEC11E88E28B0034E715 /* UIImage+GIF.h */ = {isa = PBXFileReference; fileEncoding = 4; lastKnownFileType = sourcecode.c.h; path = "UIImage+GIF.h"; sourceTree = "<group>"; };
		18F8EEC21E88E28B0034E715 /* UIImage+GIF.m */ = {isa = PBXFileReference; fileEncoding = 4; lastKnownFileType = sourcecode.c.objc; path = "UIImage+GIF.m"; sourceTree = "<group>"; };
		18F8EEC31E88E28B0034E715 /* UIImage+MultiFormat.h */ = {isa = PBXFileReference; fileEncoding = 4; lastKnownFileType = sourcecode.c.h; path = "UIImage+MultiFormat.h"; sourceTree = "<group>"; };
		18F8EEC41E88E28B0034E715 /* UIImage+MultiFormat.m */ = {isa = PBXFileReference; fileEncoding = 4; lastKnownFileType = sourcecode.c.objc; path = "UIImage+MultiFormat.m"; sourceTree = "<group>"; };
		18F8EEC51E88E28B0034E715 /* UIImage+WebP.h */ = {isa = PBXFileReference; fileEncoding = 4; lastKnownFileType = sourcecode.c.h; path = "UIImage+WebP.h"; sourceTree = "<group>"; };
		18F8EEC61E88E28B0034E715 /* UIImage+WebP.m */ = {isa = PBXFileReference; fileEncoding = 4; lastKnownFileType = sourcecode.c.objc; path = "UIImage+WebP.m"; sourceTree = "<group>"; };
		18F8EEC71E88E28B0034E715 /* UIImageView+HighlightedWebCache.h */ = {isa = PBXFileReference; fileEncoding = 4; lastKnownFileType = sourcecode.c.h; path = "UIImageView+HighlightedWebCache.h"; sourceTree = "<group>"; };
		18F8EEC81E88E28B0034E715 /* UIImageView+HighlightedWebCache.m */ = {isa = PBXFileReference; fileEncoding = 4; lastKnownFileType = sourcecode.c.objc; path = "UIImageView+HighlightedWebCache.m"; sourceTree = "<group>"; };
		18F8EEC91E88E28B0034E715 /* UIImageView+WebCache.h */ = {isa = PBXFileReference; fileEncoding = 4; lastKnownFileType = sourcecode.c.h; path = "UIImageView+WebCache.h"; sourceTree = "<group>"; };
		18F8EECA1E88E28B0034E715 /* UIImageView+WebCache.m */ = {isa = PBXFileReference; fileEncoding = 4; lastKnownFileType = sourcecode.c.objc; path = "UIImageView+WebCache.m"; sourceTree = "<group>"; };
		18F8EECB1E88E28B0034E715 /* UIView+WebCache.h */ = {isa = PBXFileReference; fileEncoding = 4; lastKnownFileType = sourcecode.c.h; path = "UIView+WebCache.h"; sourceTree = "<group>"; };
		18F8EECC1E88E28B0034E715 /* UIView+WebCache.m */ = {isa = PBXFileReference; fileEncoding = 4; lastKnownFileType = sourcecode.c.objc; path = "UIView+WebCache.m"; sourceTree = "<group>"; };
		18F8EECD1E88E28B0034E715 /* UIView+WebCacheOperation.h */ = {isa = PBXFileReference; fileEncoding = 4; lastKnownFileType = sourcecode.c.h; path = "UIView+WebCacheOperation.h"; sourceTree = "<group>"; };
		18F8EECE1E88E28B0034E715 /* UIView+WebCacheOperation.m */ = {isa = PBXFileReference; fileEncoding = 4; lastKnownFileType = sourcecode.c.objc; path = "UIView+WebCacheOperation.m"; sourceTree = "<group>"; };
		18F8EEE81E88E3300034E715 /* UIView+Animation.h */ = {isa = PBXFileReference; fileEncoding = 4; lastKnownFileType = sourcecode.c.h; path = "UIView+Animation.h"; sourceTree = "<group>"; };
		18F8EEE91E88E3300034E715 /* UIView+Animation.m */ = {isa = PBXFileReference; fileEncoding = 4; lastKnownFileType = sourcecode.c.objc; path = "UIView+Animation.m"; sourceTree = "<group>"; };
		18F8EF0E1E88ECD20034E715 /* DownloadController.h */ = {isa = PBXFileReference; fileEncoding = 4; lastKnownFileType = sourcecode.c.h; path = DownloadController.h; sourceTree = "<group>"; };
		18F8EF0F1E88ECD20034E715 /* DownloadController.m */ = {isa = PBXFileReference; fileEncoding = 4; lastKnownFileType = sourcecode.c.objc; path = DownloadController.m; sourceTree = "<group>"; };
		18F8EF121E88F08A0034E715 /* LJDownLoadManager.h */ = {isa = PBXFileReference; fileEncoding = 4; lastKnownFileType = sourcecode.c.h; path = LJDownLoadManager.h; sourceTree = "<group>"; };
		18F8EF131E88F08A0034E715 /* LJDownLoadManager.m */ = {isa = PBXFileReference; fileEncoding = 4; lastKnownFileType = sourcecode.c.objc; path = LJDownLoadManager.m; sourceTree = "<group>"; };
		18F8EF151E8903470034E715 /* LJDownLoadFileTool.h */ = {isa = PBXFileReference; fileEncoding = 4; lastKnownFileType = sourcecode.c.h; path = LJDownLoadFileTool.h; sourceTree = "<group>"; };
		18F8EF161E8903470034E715 /* LJDownLoadFileTool.m */ = {isa = PBXFileReference; fileEncoding = 4; lastKnownFileType = sourcecode.c.objc; path = LJDownLoadFileTool.m; sourceTree = "<group>"; };
		18F8EF181E8A29670034E715 /* NSString+LJMD5.h */ = {isa = PBXFileReference; fileEncoding = 4; lastKnownFileType = sourcecode.c.h; path = "NSString+LJMD5.h"; sourceTree = "<group>"; };
		18F8EF191E8A29670034E715 /* NSString+LJMD5.m */ = {isa = PBXFileReference; fileEncoding = 4; lastKnownFileType = sourcecode.c.objc; path = "NSString+LJMD5.m"; sourceTree = "<group>"; };
		18F8EF1B1E8B515A0034E715 /* LJDownLoader.h */ = {isa = PBXFileReference; fileEncoding = 4; lastKnownFileType = sourcecode.c.h; path = LJDownLoader.h; sourceTree = "<group>"; };
		18F8EF1C1E8B515A0034E715 /* LJDownLoader.m */ = {isa = PBXFileReference; fileEncoding = 4; lastKnownFileType = sourcecode.c.objc; path = LJDownLoader.m; sourceTree = "<group>"; };
/* End PBXFileReference section */

/* Begin PBXFrameworksBuildPhase section */
		18F8EE7B1E88E2640034E715 /* Frameworks */ = {
			isa = PBXFrameworksBuildPhase;
			buildActionMask = 2147483647;
			files = (
			);
			runOnlyForDeploymentPostprocessing = 0;
		};
/* End PBXFrameworksBuildPhase section */

/* Begin PBXGroup section */
		18F8EE751E88E2640034E715 = {
			isa = PBXGroup;
			children = (
				18F8EE801E88E2640034E715 /* LJSourceTranslation */,
				18F8EE7F1E88E2640034E715 /* Products */,
			);
			sourceTree = "<group>";
		};
		18F8EE7F1E88E2640034E715 /* Products */ = {
			isa = PBXGroup;
			children = (
				18F8EE7E1E88E2640034E715 /* LJSourceTranslation.app */,
			);
			name = Products;
			sourceTree = "<group>";
		};
		18F8EE801E88E2640034E715 /* LJSourceTranslation */ = {
			isa = PBXGroup;
			children = (
				18F8EE981E88E28B0034E715 /* AFNetworking */,
				18F8EEA61E88E28B0034E715 /* SDWebImage */,
				18F8EE841E88E2640034E715 /* AppDelegate.h */,
				18F8EE851E88E2640034E715 /* AppDelegate.m */,
				18F8EE871E88E2640034E715 /* ViewController.h */,
				18F8EE881E88E2640034E715 /* ViewController.m */,
				1811ABCE1E977C9F00098F59 /* DownManager.h */,
				1811ABCF1E977C9F00098F59 /* DownManager.m */,
				18F8EF111E88F0690034E715 /* LJDownLoadManager */,
				18F8EF0E1E88ECD20034E715 /* DownloadController.h */,
				18F8EF0F1E88ECD20034E715 /* DownloadController.m */,
				18F8EEE81E88E3300034E715 /* UIView+Animation.h */,
				18F8EEE91E88E3300034E715 /* UIView+Animation.m */,
				18F8EE8A1E88E2640034E715 /* Main.storyboard */,
				18F8EE8D1E88E2640034E715 /* Assets.xcassets */,
				18F8EE8F1E88E2640034E715 /* LaunchScreen.storyboard */,
				18F8EE921E88E2640034E715 /* Info.plist */,
				18F8EE811E88E2640034E715 /* Supporting Files */,
			);
			path = LJSourceTranslation;
			sourceTree = "<group>";
		};
		18F8EE811E88E2640034E715 /* Supporting Files */ = {
			isa = PBXGroup;
			children = (
				18F8EE821E88E2640034E715 /* main.m */,
			);
			name = "Supporting Files";
			sourceTree = "<group>";
		};
		18F8EE981E88E28B0034E715 /* AFNetworking */ = {
			isa = PBXGroup;
			children = (
				18F8EE991E88E28B0034E715 /* AFHTTPSessionManager.h */,
				18F8EE9A1E88E28B0034E715 /* AFHTTPSessionManager.m */,
				18F8EE9B1E88E28B0034E715 /* AFNetworking.h */,
				18F8EE9C1E88E28B0034E715 /* AFNetworkReachabilityManager.h */,
				18F8EE9D1E88E28B0034E715 /* AFNetworkReachabilityManager.m */,
				18F8EE9E1E88E28B0034E715 /* AFSecurityPolicy.h */,
				18F8EE9F1E88E28B0034E715 /* AFSecurityPolicy.m */,
				18F8EEA01E88E28B0034E715 /* AFURLRequestSerialization.h */,
				18F8EEA11E88E28B0034E715 /* AFURLRequestSerialization.m */,
				18F8EEA21E88E28B0034E715 /* AFURLResponseSerialization.h */,
				18F8EEA31E88E28B0034E715 /* AFURLResponseSerialization.m */,
				18F8EEA41E88E28B0034E715 /* AFURLSessionManager.h */,
				18F8EEA51E88E28B0034E715 /* AFURLSessionManager.m */,
			);
			path = AFNetworking;
			sourceTree = "<group>";
		};
		18F8EEA61E88E28B0034E715 /* SDWebImage */ = {
			isa = PBXGroup;
			children = (
				18F8EEA71E88E28B0034E715 /* FLAnimatedImage */,
				18F8EEA81E88E28B0034E715 /* MKAnnotationView+WebCache.h */,
				18F8EEA91E88E28B0034E715 /* MKAnnotationView+WebCache.m */,
				18F8EEAA1E88E28B0034E715 /* NSData+ImageContentType.h */,
				18F8EEAB1E88E28B0034E715 /* NSData+ImageContentType.m */,
				18F8EEAC1E88E28B0034E715 /* NSImage+WebCache.h */,
				18F8EEAD1E88E28B0034E715 /* NSImage+WebCache.m */,
				18F8EEAE1E88E28B0034E715 /* SDImageCache.h */,
				18F8EEAF1E88E28B0034E715 /* SDImageCache.m */,
				18F8EEB01E88E28B0034E715 /* SDImageCacheConfig.h */,
				18F8EEB11E88E28B0034E715 /* SDImageCacheConfig.m */,
				18F8EEB21E88E28B0034E715 /* SDWebImageCompat.h */,
				18F8EEB31E88E28B0034E715 /* SDWebImageCompat.m */,
				18F8EEB41E88E28B0034E715 /* SDWebImageDecoder.h */,
				18F8EEB51E88E28B0034E715 /* SDWebImageDecoder.m */,
				18F8EEB61E88E28B0034E715 /* SDWebImageDownloader.h */,
				18F8EEB71E88E28B0034E715 /* SDWebImageDownloader.m */,
				18F8EEB81E88E28B0034E715 /* SDWebImageDownloaderOperation.h */,
				18F8EEB91E88E28B0034E715 /* SDWebImageDownloaderOperation.m */,
				18F8EEBA1E88E28B0034E715 /* SDWebImageManager.h */,
				18F8EEBB1E88E28B0034E715 /* SDWebImageManager.m */,
				18F8EEBC1E88E28B0034E715 /* SDWebImageOperation.h */,
				18F8EEBD1E88E28B0034E715 /* SDWebImagePrefetcher.h */,
				18F8EEBE1E88E28B0034E715 /* SDWebImagePrefetcher.m */,
				18F8EEBF1E88E28B0034E715 /* UIButton+WebCache.h */,
				18F8EEC01E88E28B0034E715 /* UIButton+WebCache.m */,
				18F8EEC11E88E28B0034E715 /* UIImage+GIF.h */,
				18F8EEC21E88E28B0034E715 /* UIImage+GIF.m */,
				18F8EEC31E88E28B0034E715 /* UIImage+MultiFormat.h */,
				18F8EEC41E88E28B0034E715 /* UIImage+MultiFormat.m */,
				18F8EEC51E88E28B0034E715 /* UIImage+WebP.h */,
				18F8EEC61E88E28B0034E715 /* UIImage+WebP.m */,
				18F8EEC71E88E28B0034E715 /* UIImageView+HighlightedWebCache.h */,
				18F8EEC81E88E28B0034E715 /* UIImageView+HighlightedWebCache.m */,
				18F8EEC91E88E28B0034E715 /* UIImageView+WebCache.h */,
				18F8EECA1E88E28B0034E715 /* UIImageView+WebCache.m */,
				18F8EECB1E88E28B0034E715 /* UIView+WebCache.h */,
				18F8EECC1E88E28B0034E715 /* UIView+WebCache.m */,
				18F8EECD1E88E28B0034E715 /* UIView+WebCacheOperation.h */,
				18F8EECE1E88E28B0034E715 /* UIView+WebCacheOperation.m */,
			);
			path = SDWebImage;
			sourceTree = "<group>";
		};
		18F8EEA71E88E28B0034E715 /* FLAnimatedImage */ = {
			isa = PBXGroup;
			children = (
			);
			path = FLAnimatedImage;
			sourceTree = "<group>";
		};
		18F8EF111E88F0690034E715 /* LJDownLoadManager */ = {
			isa = PBXGroup;
			children = (
				18F8EF121E88F08A0034E715 /* LJDownLoadManager.h */,
				18F8EF131E88F08A0034E715 /* LJDownLoadManager.m */,
				18F8EF1B1E8B515A0034E715 /* LJDownLoader.h */,
				18F8EF1C1E8B515A0034E715 /* LJDownLoader.m */,
				18F8EF151E8903470034E715 /* LJDownLoadFileTool.h */,
				18F8EF161E8903470034E715 /* LJDownLoadFileTool.m */,
				18F8EF181E8A29670034E715 /* NSString+LJMD5.h */,
				18F8EF191E8A29670034E715 /* NSString+LJMD5.m */,
			);
			path = LJDownLoadManager;
			sourceTree = "<group>";
		};
/* End PBXGroup section */

/* Begin PBXNativeTarget section */
		18F8EE7D1E88E2640034E715 /* LJSourceTranslation */ = {
			isa = PBXNativeTarget;
			buildConfigurationList = 18F8EE951E88E2640034E715 /* Build configuration list for PBXNativeTarget "LJSourceTranslation" */;
			buildPhases = (
				18F8EE7A1E88E2640034E715 /* Sources */,
				18F8EE7B1E88E2640034E715 /* Frameworks */,
				18F8EE7C1E88E2640034E715 /* Resources */,
			);
			buildRules = (
			);
			dependencies = (
			);
			name = LJSourceTranslation;
			productName = LJSourceTranslation;
			productReference = 18F8EE7E1E88E2640034E715 /* LJSourceTranslation.app */;
			productType = "com.apple.product-type.application";
		};
/* End PBXNativeTarget section */

/* Begin PBXProject section */
		18F8EE761E88E2640034E715 /* Project object */ = {
			isa = PBXProject;
			attributes = {
				LastUpgradeCheck = 0820;
				ORGANIZATIONNAME = liang;
				TargetAttributes = {
					18F8EE7D1E88E2640034E715 = {
						CreatedOnToolsVersion = 8.2.1;
						DevelopmentTeam = MGFZH32ZY8;
						ProvisioningStyle = Automatic;
						SystemCapabilities = {
							com.apple.BackgroundModes = {
								enabled = 1;
							};
						};
					};
				};
			};
			buildConfigurationList = 18F8EE791E88E2640034E715 /* Build configuration list for PBXProject "LJSourceTranslation" */;
			compatibilityVersion = "Xcode 3.2";
			developmentRegion = English;
			hasScannedForEncodings = 0;
			knownRegions = (
				en,
				Base,
			);
			mainGroup = 18F8EE751E88E2640034E715;
			productRefGroup = 18F8EE7F1E88E2640034E715 /* Products */;
			projectDirPath = "";
			projectRoot = "";
			targets = (
				18F8EE7D1E88E2640034E715 /* LJSourceTranslation */,
			);
		};
/* End PBXProject section */

/* Begin PBXResourcesBuildPhase section */
		18F8EE7C1E88E2640034E715 /* Resources */ = {
			isa = PBXResourcesBuildPhase;
			buildActionMask = 2147483647;
			files = (
				18F8EE911E88E2640034E715 /* LaunchScreen.storyboard in Resources */,
				18F8EE8E1E88E2640034E715 /* Assets.xcassets in Resources */,
				18F8EE8C1E88E2640034E715 /* Main.storyboard in Resources */,
			);
			runOnlyForDeploymentPostprocessing = 0;
		};
/* End PBXResourcesBuildPhase section */

/* Begin PBXSourcesBuildPhase section */
		18F8EE7A1E88E2640034E715 /* Sources */ = {
			isa = PBXSourcesBuildPhase;
			buildActionMask = 2147483647;
			files = (
				18F8EEE11E88E28B0034E715 /* UIImage+GIF.m in Sources */,
				18F8EED41E88E28B0034E715 /* AFURLSessionManager.m in Sources */,
				18F8EEDF1E88E28B0034E715 /* SDWebImagePrefetcher.m in Sources */,
				18F8EE891E88E2640034E715 /* ViewController.m in Sources */,
				18F8EED71E88E28B0034E715 /* NSImage+WebCache.m in Sources */,
				18F8EEE61E88E28B0034E715 /* UIView+WebCache.m in Sources */,
				18F8EED91E88E28B0034E715 /* SDImageCacheConfig.m in Sources */,
				18F8EE861E88E2640034E715 /* AppDelegate.m in Sources */,
				18F8EF141E88F08A0034E715 /* LJDownLoadManager.m in Sources */,
				18F8EEEA1E88E3300034E715 /* UIView+Animation.m in Sources */,
				18F8EF101E88ECD20034E715 /* DownloadController.m in Sources */,
				18F8EED51E88E28B0034E715 /* MKAnnotationView+WebCache.m in Sources */,
				18F8EEE01E88E28B0034E715 /* UIButton+WebCache.m in Sources */,
				18F8EEDD1E88E28B0034E715 /* SDWebImageDownloaderOperation.m in Sources */,
				18F8EED01E88E28B0034E715 /* AFNetworkReachabilityManager.m in Sources */,
				18F8EEDA1E88E28B0034E715 /* SDWebImageCompat.m in Sources */,
				18F8EE831E88E2640034E715 /* main.m in Sources */,
				18F8EEE21E88E28B0034E715 /* UIImage+MultiFormat.m in Sources */,
				18F8EEE51E88E28B0034E715 /* UIImageView+WebCache.m in Sources */,
				18F8EED11E88E28B0034E715 /* AFSecurityPolicy.m in Sources */,
				18F8EF1D1E8B515A0034E715 /* LJDownLoader.m in Sources */,
				18F8EED21E88E28B0034E715 /* AFURLRequestSerialization.m in Sources */,
				18F8EED31E88E28B0034E715 /* AFURLResponseSerialization.m in Sources */,
				18F8EEDC1E88E28B0034E715 /* SDWebImageDownloader.m in Sources */,
				18F8EEE41E88E28B0034E715 /* UIImageView+HighlightedWebCache.m in Sources */,
				18F8EEDB1E88E28B0034E715 /* SDWebImageDecoder.m in Sources */,
				18F8EEE31E88E28B0034E715 /* UIImage+WebP.m in Sources */,
				18F8EF1A1E8A29670034E715 /* NSString+LJMD5.m in Sources */,
				18F8EEDE1E88E28B0034E715 /* SDWebImageManager.m in Sources */,
				18F8EF171E8903470034E715 /* LJDownLoadFileTool.m in Sources */,
				1811ABD01E977C9F00098F59 /* DownManager.m in Sources */,
				18F8EEE71E88E28B0034E715 /* UIView+WebCacheOperation.m in Sources */,
				18F8EED81E88E28B0034E715 /* SDImageCache.m in Sources */,
				18F8EECF1E88E28B0034E715 /* AFHTTPSessionManager.m in Sources */,
				18F8EED61E88E28B0034E715 /* NSData+ImageContentType.m in Sources */,
			);
			runOnlyForDeploymentPostprocessing = 0;
		};
/* End PBXSourcesBuildPhase section */

/* Begin PBXVariantGroup section */
		18F8EE8A1E88E2640034E715 /* Main.storyboard */ = {
			isa = PBXVariantGroup;
			children = (
				18F8EE8B1E88E2640034E715 /* Base */,
			);
			name = Main.storyboard;
			sourceTree = "<group>";
		};
		18F8EE8F1E88E2640034E715 /* LaunchScreen.storyboard */ = {
			isa = PBXVariantGroup;
			children = (
				18F8EE901E88E2640034E715 /* Base */,
			);
			name = LaunchScreen.storyboard;
			sourceTree = "<group>";
		};
/* End PBXVariantGroup section */

/* Begin XCBuildConfiguration section */
		18F8EE931E88E2640034E715 /* Debug */ = {
			isa = XCBuildConfiguration;
			buildSettings = {
				ALWAYS_SEARCH_USER_PATHS = NO;
				CLANG_ANALYZER_NONNULL = YES;
				CLANG_CXX_LANGUAGE_STANDARD = "gnu++0x";
				CLANG_CXX_LIBRARY = "libc++";
				CLANG_ENABLE_MODULES = YES;
				CLANG_ENABLE_OBJC_ARC = YES;
				CLANG_WARN_BOOL_CONVERSION = YES;
				CLANG_WARN_CONSTANT_CONVERSION = YES;
				CLANG_WARN_DIRECT_OBJC_ISA_USAGE = YES_ERROR;
				CLANG_WARN_DOCUMENTATION_COMMENTS = YES;
				CLANG_WARN_EMPTY_BODY = YES;
				CLANG_WARN_ENUM_CONVERSION = YES;
				CLANG_WARN_INFINITE_RECURSION = YES;
				CLANG_WARN_INT_CONVERSION = YES;
				CLANG_WARN_OBJC_ROOT_CLASS = YES_ERROR;
				CLANG_WARN_SUSPICIOUS_MOVE = YES;
				CLANG_WARN_UNREACHABLE_CODE = YES;
				CLANG_WARN__DUPLICATE_METHOD_MATCH = YES;
				"CODE_SIGN_IDENTITY[sdk=iphoneos*]" = "iPhone Developer";
				COPY_PHASE_STRIP = NO;
				DEBUG_INFORMATION_FORMAT = dwarf;
				ENABLE_STRICT_OBJC_MSGSEND = YES;
				ENABLE_TESTABILITY = YES;
				GCC_C_LANGUAGE_STANDARD = gnu99;
				GCC_DYNAMIC_NO_PIC = NO;
				GCC_NO_COMMON_BLOCKS = YES;
				GCC_OPTIMIZATION_LEVEL = 0;
				GCC_PREPROCESSOR_DEFINITIONS = (
					"DEBUG=1",
					"$(inherited)",
				);
				GCC_WARN_64_TO_32_BIT_CONVERSION = YES;
				GCC_WARN_ABOUT_RETURN_TYPE = YES_ERROR;
				GCC_WARN_UNDECLARED_SELECTOR = YES;
				GCC_WARN_UNINITIALIZED_AUTOS = YES_AGGRESSIVE;
				GCC_WARN_UNUSED_FUNCTION = YES;
				GCC_WARN_UNUSED_VARIABLE = YES;
				IPHONEOS_DEPLOYMENT_TARGET = 10.2;
				MTL_ENABLE_DEBUG_INFO = YES;
				ONLY_ACTIVE_ARCH = YES;
				SDKROOT = iphoneos;
			};
			name = Debug;
		};
		18F8EE941E88E2640034E715 /* Release */ = {
			isa = XCBuildConfiguration;
			buildSettings = {
				ALWAYS_SEARCH_USER_PATHS = NO;
				CLANG_ANALYZER_NONNULL = YES;
				CLANG_CXX_LANGUAGE_STANDARD = "gnu++0x";
				CLANG_CXX_LIBRARY = "libc++";
				CLANG_ENABLE_MODULES = YES;
				CLANG_ENABLE_OBJC_ARC = YES;
				CLANG_WARN_BOOL_CONVERSION = YES;
				CLANG_WARN_CONSTANT_CONVERSION = YES;
				CLANG_WARN_DIRECT_OBJC_ISA_USAGE = YES_ERROR;
				CLANG_WARN_DOCUMENTATION_COMMENTS = YES;
				CLANG_WARN_EMPTY_BODY = YES;
				CLANG_WARN_ENUM_CONVERSION = YES;
				CLANG_WARN_INFINITE_RECURSION = YES;
				CLANG_WARN_INT_CONVERSION = YES;
				CLANG_WARN_OBJC_ROOT_CLASS = YES_ERROR;
				CLANG_WARN_SUSPICIOUS_MOVE = YES;
				CLANG_WARN_UNREACHABLE_CODE = YES;
				CLANG_WARN__DUPLICATE_METHOD_MATCH = YES;
				"CODE_SIGN_IDENTITY[sdk=iphoneos*]" = "iPhone Developer";
				COPY_PHASE_STRIP = NO;
				DEBUG_INFORMATION_FORMAT = "dwarf-with-dsym";
				ENABLE_NS_ASSERTIONS = NO;
				ENABLE_STRICT_OBJC_MSGSEND = YES;
				GCC_C_LANGUAGE_STANDARD = gnu99;
				GCC_NO_COMMON_BLOCKS = YES;
				GCC_WARN_64_TO_32_BIT_CONVERSION = YES;
				GCC_WARN_ABOUT_RETURN_TYPE = YES_ERROR;
				GCC_WARN_UNDECLARED_SELECTOR = YES;
				GCC_WARN_UNINITIALIZED_AUTOS = YES_AGGRESSIVE;
				GCC_WARN_UNUSED_FUNCTION = YES;
				GCC_WARN_UNUSED_VARIABLE = YES;
				IPHONEOS_DEPLOYMENT_TARGET = 10.2;
				MTL_ENABLE_DEBUG_INFO = NO;
				SDKROOT = iphoneos;
				VALIDATE_PRODUCT = YES;
			};
			name = Release;
		};
		18F8EE961E88E2640034E715 /* Debug */ = {
			isa = XCBuildConfiguration;
			buildSettings = {
				ASSETCATALOG_COMPILER_APPICON_NAME = AppIcon;
				DEVELOPMENT_TEAM = MGFZH32ZY8;
				INFOPLIST_FILE = LJSourceTranslation/Info.plist;
				LD_RUNPATH_SEARCH_PATHS = "$(inherited) @executable_path/Frameworks";
				PRODUCT_BUNDLE_IDENTIFIER = com.walle.LJSourceTranslation;
				PRODUCT_NAME = "$(TARGET_NAME)";
			};
			name = Debug;
		};
		18F8EE971E88E2640034E715 /* Release */ = {
			isa = XCBuildConfiguration;
			buildSettings = {
				ASSETCATALOG_COMPILER_APPICON_NAME = AppIcon;
				DEVELOPMENT_TEAM = MGFZH32ZY8;
				INFOPLIST_FILE = LJSourceTranslation/Info.plist;
				LD_RUNPATH_SEARCH_PATHS = "$(inherited) @executable_path/Frameworks";
				PRODUCT_BUNDLE_IDENTIFIER = com.walle.LJSourceTranslation;
				PRODUCT_NAME = "$(TARGET_NAME)";
			};
			name = Release;
		};
/* End XCBuildConfiguration section */

/* Begin XCConfigurationList section */
		18F8EE791E88E2640034E715 /* Build configuration list for PBXProject "LJSourceTranslation" */ = {
			isa = XCConfigurationList;
			buildConfigurations = (
				18F8EE931E88E2640034E715 /* Debug */,
				18F8EE941E88E2640034E715 /* Release */,
			);
			defaultConfigurationIsVisible = 0;
			defaultConfigurationName = Release;
		};
		18F8EE951E88E2640034E715 /* Build configuration list for PBXNativeTarget "LJSourceTranslation" */ = {
			isa = XCConfigurationList;
			buildConfigurations = (
				18F8EE961E88E2640034E715 /* Debug */,
				18F8EE971E88E2640034E715 /* Release */,
			);
			defaultConfigurationIsVisible = 0;
			defaultConfigurationName = Release;
		};
/* End XCConfigurationList section */
	};
	rootObject = 18F8EE761E88E2640034E715 /* Project object */;
}
